// !$*UTF8*$!
{
	archiveVersion = 1;
	classes = {
	};
	objectVersion = 50;
	objects = {

/* Begin PBXBuildFile section */
		7918C2A62483A37400DD5B33 /* InitialViewController.swift in Sources */ = {isa = PBXBuildFile; fileRef = 7918C2A52483A37400DD5B33 /* InitialViewController.swift */; };
		7918C2A82483A3B600DD5B33 /* TabViewController.swift in Sources */ = {isa = PBXBuildFile; fileRef = 7918C2A72483A3B600DD5B33 /* TabViewController.swift */; };
		7918C2AA2483AADC00DD5B33 /* LaunchScreen.storyboard in Resources */ = {isa = PBXBuildFile; fileRef = 7918C2A92483AADC00DD5B33 /* LaunchScreen.storyboard */; };
		796A9D662481446900233FCF /* AppDelegate.swift in Sources */ = {isa = PBXBuildFile; fileRef = 796A9D652481446900233FCF /* AppDelegate.swift */; };
		796A9D6C2481446C00233FCF /* Assets.xcassets in Resources */ = {isa = PBXBuildFile; fileRef = 796A9D6B2481446C00233FCF /* Assets.xcassets */; };
		796A9D7D2481446C00233FCF /* AppOGeeTests.swift in Sources */ = {isa = PBXBuildFile; fileRef = 796A9D7C2481446C00233FCF /* AppOGeeTests.swift */; };
		796A9D882481446C00233FCF /* AppOGeeUITests.swift in Sources */ = {isa = PBXBuildFile; fileRef = 796A9D872481446C00233FCF /* AppOGeeUITests.swift */; };
		796A9D98248145CC00233FCF /* Main.storyboard in Resources */ = {isa = PBXBuildFile; fileRef = 796A9D97248145CC00233FCF /* Main.storyboard */; };
/* End PBXBuildFile section */

/* Begin PBXContainerItemProxy section */
		796A9D792481446C00233FCF /* PBXContainerItemProxy */ = {
			isa = PBXContainerItemProxy;
			containerPortal = 796A9D5A2481446900233FCF /* Project object */;
			proxyType = 1;
			remoteGlobalIDString = 796A9D612481446900233FCF;
			remoteInfo = AppOGee;
		};
		796A9D842481446C00233FCF /* PBXContainerItemProxy */ = {
			isa = PBXContainerItemProxy;
			containerPortal = 796A9D5A2481446900233FCF /* Project object */;
			proxyType = 1;
			remoteGlobalIDString = 796A9D612481446900233FCF;
			remoteInfo = AppOGee;
		};
/* End PBXContainerItemProxy section */

/* Begin PBXFileReference section */
		7918C2A52483A37400DD5B33 /* InitialViewController.swift */ = {isa = PBXFileReference; fileEncoding = 4; lastKnownFileType = sourcecode.swift; path = InitialViewController.swift; sourceTree = "<group>"; };
		7918C2A72483A3B600DD5B33 /* TabViewController.swift */ = {isa = PBXFileReference; lastKnownFileType = sourcecode.swift; path = TabViewController.swift; sourceTree = "<group>"; };
		7918C2A92483AADC00DD5B33 /* LaunchScreen.storyboard */ = {isa = PBXFileReference; fileEncoding = 4; lastKnownFileType = file.storyboard; path = LaunchScreen.storyboard; sourceTree = "<group>"; };
		796A9D622481446900233FCF /* AppOGee.app */ = {isa = PBXFileReference; explicitFileType = wrapper.application; includeInIndex = 0; path = AppOGee.app; sourceTree = BUILT_PRODUCTS_DIR; };
		796A9D652481446900233FCF /* AppDelegate.swift */ = {isa = PBXFileReference; lastKnownFileType = sourcecode.swift; path = AppDelegate.swift; sourceTree = "<group>"; };
		796A9D6B2481446C00233FCF /* Assets.xcassets */ = {isa = PBXFileReference; lastKnownFileType = folder.assetcatalog; path = Assets.xcassets; sourceTree = "<group>"; };
		796A9D732481446C00233FCF /* Info.plist */ = {isa = PBXFileReference; lastKnownFileType = text.plist.xml; path = Info.plist; sourceTree = "<group>"; };
		796A9D782481446C00233FCF /* AppOGeeTests.xctest */ = {isa = PBXFileReference; explicitFileType = wrapper.cfbundle; includeInIndex = 0; path = AppOGeeTests.xctest; sourceTree = BUILT_PRODUCTS_DIR; };
		796A9D7C2481446C00233FCF /* AppOGeeTests.swift */ = {isa = PBXFileReference; lastKnownFileType = sourcecode.swift; path = AppOGeeTests.swift; sourceTree = "<group>"; };
		796A9D7E2481446C00233FCF /* Info.plist */ = {isa = PBXFileReference; lastKnownFileType = text.plist.xml; path = Info.plist; sourceTree = "<group>"; };
		796A9D832481446C00233FCF /* AppOGeeUITests.xctest */ = {isa = PBXFileReference; explicitFileType = wrapper.cfbundle; includeInIndex = 0; path = AppOGeeUITests.xctest; sourceTree = BUILT_PRODUCTS_DIR; };
		796A9D872481446C00233FCF /* AppOGeeUITests.swift */ = {isa = PBXFileReference; lastKnownFileType = sourcecode.swift; path = AppOGeeUITests.swift; sourceTree = "<group>"; };
		796A9D892481446C00233FCF /* Info.plist */ = {isa = PBXFileReference; lastKnownFileType = text.plist.xml; path = Info.plist; sourceTree = "<group>"; };
		796A9D97248145CC00233FCF /* Main.storyboard */ = {isa = PBXFileReference; lastKnownFileType = file.storyboard; path = Main.storyboard; sourceTree = "<group>"; };
/* End PBXFileReference section */

/* Begin PBXFrameworksBuildPhase section */
		796A9D5F2481446900233FCF /* Frameworks */ = {
			isa = PBXFrameworksBuildPhase;
			buildActionMask = 2147483647;
			files = (
			);
			runOnlyForDeploymentPostprocessing = 0;
		};
		796A9D752481446C00233FCF /* Frameworks */ = {
			isa = PBXFrameworksBuildPhase;
			buildActionMask = 2147483647;
			files = (
			);
			runOnlyForDeploymentPostprocessing = 0;
		};
		796A9D802481446C00233FCF /* Frameworks */ = {
			isa = PBXFrameworksBuildPhase;
			buildActionMask = 2147483647;
			files = (
			);
			runOnlyForDeploymentPostprocessing = 0;
		};
/* End PBXFrameworksBuildPhase section */

/* Begin PBXGroup section */
		7918C2A424839FF100DD5B33 /* Controller */ = {
			isa = PBXGroup;
			children = (
				7918C2A52483A37400DD5B33 /* InitialViewController.swift */,
				796A9D652481446900233FCF /* AppDelegate.swift */,
				7918C2A72483A3B600DD5B33 /* TabViewController.swift */,
			);
			path = Controller;
			sourceTree = "<group>";
		};
		796A9D592481446900233FCF = {
			isa = PBXGroup;
			children = (
				796A9D642481446900233FCF /* AppOGee */,
				796A9D7B2481446C00233FCF /* AppOGeeTests */,
				796A9D862481446C00233FCF /* AppOGeeUITests */,
				796A9D632481446900233FCF /* Products */,
			);
			sourceTree = "<group>";
		};
		796A9D632481446900233FCF /* Products */ = {
			isa = PBXGroup;
			children = (
				796A9D622481446900233FCF /* AppOGee.app */,
				796A9D782481446C00233FCF /* AppOGeeTests.xctest */,
				796A9D832481446C00233FCF /* AppOGeeUITests.xctest */,
			);
			name = Products;
			sourceTree = "<group>";
		};
		796A9D642481446900233FCF /* AppOGee */ = {
			isa = PBXGroup;
			children = (
				7918C2A424839FF100DD5B33 /* Controller */,
				796A9D6B2481446C00233FCF /* Assets.xcassets */,
				796A9D732481446C00233FCF /* Info.plist */,
				7918C2A92483AADC00DD5B33 /* LaunchScreen.storyboard */,
				796A9D97248145CC00233FCF /* Main.storyboard */,
			);
			path = AppOGee;
			sourceTree = "<group>";
		};
		796A9D7B2481446C00233FCF /* AppOGeeTests */ = {
			isa = PBXGroup;
			children = (
				796A9D7C2481446C00233FCF /* AppOGeeTests.swift */,
				796A9D7E2481446C00233FCF /* Info.plist */,
			);
			path = AppOGeeTests;
			sourceTree = "<group>";
		};
		796A9D862481446C00233FCF /* AppOGeeUITests */ = {
			isa = PBXGroup;
			children = (
				796A9D872481446C00233FCF /* AppOGeeUITests.swift */,
				796A9D892481446C00233FCF /* Info.plist */,
			);
			path = AppOGeeUITests;
			sourceTree = "<group>";
		};
/* End PBXGroup section */

/* Begin PBXNativeTarget section */
		796A9D612481446900233FCF /* AppOGee */ = {
			isa = PBXNativeTarget;
			buildConfigurationList = 796A9D8C2481446C00233FCF /* Build configuration list for PBXNativeTarget "AppOGee" */;
			buildPhases = (
				796A9D5E2481446900233FCF /* Sources */,
				796A9D5F2481446900233FCF /* Frameworks */,
				796A9D602481446900233FCF /* Resources */,
			);
			buildRules = (
			);
			dependencies = (
			);
			name = AppOGee;
			productName = AppOGee;
			productReference = 796A9D622481446900233FCF /* AppOGee.app */;
			productType = "com.apple.product-type.application";
		};
		796A9D772481446C00233FCF /* AppOGeeTests */ = {
			isa = PBXNativeTarget;
			buildConfigurationList = 796A9D8F2481446C00233FCF /* Build configuration list for PBXNativeTarget "AppOGeeTests" */;
			buildPhases = (
				796A9D742481446C00233FCF /* Sources */,
				796A9D752481446C00233FCF /* Frameworks */,
				796A9D762481446C00233FCF /* Resources */,
			);
			buildRules = (
			);
			dependencies = (
				796A9D7A2481446C00233FCF /* PBXTargetDependency */,
			);
			name = AppOGeeTests;
			productName = AppOGeeTests;
			productReference = 796A9D782481446C00233FCF /* AppOGeeTests.xctest */;
			productType = "com.apple.product-type.bundle.unit-test";
		};
		796A9D822481446C00233FCF /* AppOGeeUITests */ = {
			isa = PBXNativeTarget;
			buildConfigurationList = 796A9D922481446C00233FCF /* Build configuration list for PBXNativeTarget "AppOGeeUITests" */;
			buildPhases = (
				796A9D7F2481446C00233FCF /* Sources */,
				796A9D802481446C00233FCF /* Frameworks */,
				796A9D812481446C00233FCF /* Resources */,
			);
			buildRules = (
			);
			dependencies = (
				796A9D852481446C00233FCF /* PBXTargetDependency */,
			);
			name = AppOGeeUITests;
			productName = AppOGeeUITests;
			productReference = 796A9D832481446C00233FCF /* AppOGeeUITests.xctest */;
			productType = "com.apple.product-type.bundle.ui-testing";
		};
/* End PBXNativeTarget section */

/* Begin PBXProject section */
		796A9D5A2481446900233FCF /* Project object */ = {
			isa = PBXProject;
			attributes = {
				LastSwiftUpdateCheck = 1140;
				LastUpgradeCheck = 1140;
				ORGANIZATIONNAME = "Tejaswini N";
				TargetAttributes = {
					796A9D612481446900233FCF = {
						CreatedOnToolsVersion = 11.4;
					};
					796A9D772481446C00233FCF = {
						CreatedOnToolsVersion = 11.4;
						TestTargetID = 796A9D612481446900233FCF;
					};
					796A9D822481446C00233FCF = {
						CreatedOnToolsVersion = 11.4;
						TestTargetID = 796A9D612481446900233FCF;
					};
				};
			};
			buildConfigurationList = 796A9D5D2481446900233FCF /* Build configuration list for PBXProject "AppOGee" */;
			compatibilityVersion = "Xcode 9.3";
			developmentRegion = en;
			hasScannedForEncodings = 0;
			knownRegions = (
				en,
				Base,
			);
			mainGroup = 796A9D592481446900233FCF;
			productRefGroup = 796A9D632481446900233FCF /* Products */;
			projectDirPath = "";
			projectRoot = "";
			targets = (
				796A9D612481446900233FCF /* AppOGee */,
				796A9D772481446C00233FCF /* AppOGeeTests */,
				796A9D822481446C00233FCF /* AppOGeeUITests */,
			);
		};
/* End PBXProject section */

/* Begin PBXResourcesBuildPhase section */
		796A9D602481446900233FCF /* Resources */ = {
			isa = PBXResourcesBuildPhase;
			buildActionMask = 2147483647;
			files = (
				7918C2AA2483AADC00DD5B33 /* LaunchScreen.storyboard in Resources */,
				796A9D6C2481446C00233FCF /* Assets.xcassets in Resources */,
				796A9D98248145CC00233FCF /* Main.storyboard in Resources */,
			);
			runOnlyForDeploymentPostprocessing = 0;
		};
		796A9D762481446C00233FCF /* Resources */ = {
			isa = PBXResourcesBuildPhase;
			buildActionMask = 2147483647;
			files = (
			);
			runOnlyForDeploymentPostprocessing = 0;
		};
		796A9D812481446C00233FCF /* Resources */ = {
			isa = PBXResourcesBuildPhase;
			buildActionMask = 2147483647;
			files = (
			);
			runOnlyForDeploymentPostprocessing = 0;
		};
/* End PBXResourcesBuildPhase section */

/* Begin PBXSourcesBuildPhase section */
		796A9D5E2481446900233FCF /* Sources */ = {
			isa = PBXSourcesBuildPhase;
			buildActionMask = 2147483647;
			files = (
				7918C2A82483A3B600DD5B33 /* TabViewController.swift in Sources */,
				796A9D662481446900233FCF /* AppDelegate.swift in Sources */,
				7918C2A62483A37400DD5B33 /* InitialViewController.swift in Sources */,
			);
			runOnlyForDeploymentPostprocessing = 0;
		};
		796A9D742481446C00233FCF /* Sources */ = {
			isa = PBXSourcesBuildPhase;
			buildActionMask = 2147483647;
			files = (
				796A9D7D2481446C00233FCF /* AppOGeeTests.swift in Sources */,
			);
			runOnlyForDeploymentPostprocessing = 0;
		};
		796A9D7F2481446C00233FCF /* Sources */ = {
			isa = PBXSourcesBuildPhase;
			buildActionMask = 2147483647;
			files = (
				796A9D882481446C00233FCF /* AppOGeeUITests.swift in Sources */,
			);
			runOnlyForDeploymentPostprocessing = 0;
		};
/* End PBXSourcesBuildPhase section */

/* Begin PBXTargetDependency section */
		796A9D7A2481446C00233FCF /* PBXTargetDependency */ = {
			isa = PBXTargetDependency;
			target = 796A9D612481446900233FCF /* AppOGee */;
			targetProxy = 796A9D792481446C00233FCF /* PBXContainerItemProxy */;
		};
		796A9D852481446C00233FCF /* PBXTargetDependency */ = {
			isa = PBXTargetDependency;
			target = 796A9D612481446900233FCF /* AppOGee */;
			targetProxy = 796A9D842481446C00233FCF /* PBXContainerItemProxy */;
		};
/* End PBXTargetDependency section */

/* Begin XCBuildConfiguration section */
		796A9D8A2481446C00233FCF /* Debug */ = {
			isa = XCBuildConfiguration;
			buildSettings = {
				ALWAYS_SEARCH_USER_PATHS = NO;
				CLANG_ANALYZER_NONNULL = YES;
				CLANG_ANALYZER_NUMBER_OBJECT_CONVERSION = YES_AGGRESSIVE;
				CLANG_CXX_LANGUAGE_STANDARD = "gnu++14";
				CLANG_CXX_LIBRARY = "libc++";
				CLANG_ENABLE_MODULES = YES;
				CLANG_ENABLE_OBJC_ARC = YES;
				CLANG_ENABLE_OBJC_WEAK = YES;
				CLANG_WARN_BLOCK_CAPTURE_AUTORELEASING = YES;
				CLANG_WARN_BOOL_CONVERSION = YES;
				CLANG_WARN_COMMA = YES;
				CLANG_WARN_CONSTANT_CONVERSION = YES;
				CLANG_WARN_DEPRECATED_OBJC_IMPLEMENTATIONS = YES;
				CLANG_WARN_DIRECT_OBJC_ISA_USAGE = YES_ERROR;
				CLANG_WARN_DOCUMENTATION_COMMENTS = YES;
				CLANG_WARN_EMPTY_BODY = YES;
				CLANG_WARN_ENUM_CONVERSION = YES;
				CLANG_WARN_INFINITE_RECURSION = YES;
				CLANG_WARN_INT_CONVERSION = YES;
				CLANG_WARN_NON_LITERAL_NULL_CONVERSION = YES;
				CLANG_WARN_OBJC_IMPLICIT_RETAIN_SELF = YES;
				CLANG_WARN_OBJC_LITERAL_CONVERSION = YES;
				CLANG_WARN_OBJC_ROOT_CLASS = YES_ERROR;
				CLANG_WARN_RANGE_LOOP_ANALYSIS = YES;
				CLANG_WARN_STRICT_PROTOTYPES = YES;
				CLANG_WARN_SUSPICIOUS_MOVE = YES;
				CLANG_WARN_UNGUARDED_AVAILABILITY = YES_AGGRESSIVE;
				CLANG_WARN_UNREACHABLE_CODE = YES;
				CLANG_WARN__DUPLICATE_METHOD_MATCH = YES;
				COPY_PHASE_STRIP = NO;
				DEBUG_INFORMATION_FORMAT = dwarf;
				ENABLE_STRICT_OBJC_MSGSEND = YES;
				ENABLE_TESTABILITY = YES;
				GCC_C_LANGUAGE_STANDARD = gnu11;
				GCC_DYNAMIC_NO_PIC = NO;
				GCC_NO_COMMON_BLOCKS = YES;
				GCC_OPTIMIZATION_LEVEL = 0;
				GCC_PREPROCESSOR_DEFINITIONS = (
					"DEBUG=1",
					"$(inherited)",
				);
				GCC_WARN_64_TO_32_BIT_CONVERSION = YES;
				GCC_WARN_ABOUT_RETURN_TYPE = YES_ERROR;
				GCC_WARN_UNDECLARED_SELECTOR = YES;
				GCC_WARN_UNINITIALIZED_AUTOS = YES_AGGRESSIVE;
				GCC_WARN_UNUSED_FUNCTION = YES;
				GCC_WARN_UNUSED_VARIABLE = YES;
				IPHONEOS_DEPLOYMENT_TARGET = 13.4;
				MTL_ENABLE_DEBUG_INFO = INCLUDE_SOURCE;
				MTL_FAST_MATH = YES;
				ONLY_ACTIVE_ARCH = YES;
				SDKROOT = iphoneos;
				SWIFT_ACTIVE_COMPILATION_CONDITIONS = DEBUG;
				SWIFT_OPTIMIZATION_LEVEL = "-Onone";
			};
			name = Debug;
		};
		796A9D8B2481446C00233FCF /* Release */ = {
			isa = XCBuildConfiguration;
			buildSettings = {
				ALWAYS_SEARCH_USER_PATHS = NO;
				CLANG_ANALYZER_NONNULL = YES;
				CLANG_ANALYZER_NUMBER_OBJECT_CONVERSION = YES_AGGRESSIVE;
				CLANG_CXX_LANGUAGE_STANDARD = "gnu++14";
				CLANG_CXX_LIBRARY = "libc++";
				CLANG_ENABLE_MODULES = YES;
				CLANG_ENABLE_OBJC_ARC = YES;
				CLANG_ENABLE_OBJC_WEAK = YES;
				CLANG_WARN_BLOCK_CAPTURE_AUTORELEASING = YES;
				CLANG_WARN_BOOL_CONVERSION = YES;
				CLANG_WARN_COMMA = YES;
				CLANG_WARN_CONSTANT_CONVERSION = YES;
				CLANG_WARN_DEPRECATED_OBJC_IMPLEMENTATIONS = YES;
				CLANG_WARN_DIRECT_OBJC_ISA_USAGE = YES_ERROR;
				CLANG_WARN_DOCUMENTATION_COMMENTS = YES;
				CLANG_WARN_EMPTY_BODY = YES;
				CLANG_WARN_ENUM_CONVERSION = YES;
				CLANG_WARN_INFINITE_RECURSION = YES;
				CLANG_WARN_INT_CONVERSION = YES;
				CLANG_WARN_NON_LITERAL_NULL_CONVERSION = YES;
				CLANG_WARN_OBJC_IMPLICIT_RETAIN_SELF = YES;
				CLANG_WARN_OBJC_LITERAL_CONVERSION = YES;
				CLANG_WARN_OBJC_ROOT_CLASS = YES_ERROR;
				CLANG_WARN_RANGE_LOOP_ANALYSIS = YES;
				CLANG_WARN_STRICT_PROTOTYPES = YES;
				CLANG_WARN_SUSPICIOUS_MOVE = YES;
				CLANG_WARN_UNGUARDED_AVAILABILITY = YES_AGGRESSIVE;
				CLANG_WARN_UNREACHABLE_CODE = YES;
				CLANG_WARN__DUPLICATE_METHOD_MATCH = YES;
				COPY_PHASE_STRIP = NO;
				DEBUG_INFORMATION_FORMAT = "dwarf-with-dsym";
				ENABLE_NS_ASSERTIONS = NO;
				ENABLE_STRICT_OBJC_MSGSEND = YES;
				GCC_C_LANGUAGE_STANDARD = gnu11;
				GCC_NO_COMMON_BLOCKS = YES;
				GCC_WARN_64_TO_32_BIT_CONVERSION = YES;
				GCC_WARN_ABOUT_RETURN_TYPE = YES_ERROR;
				GCC_WARN_UNDECLARED_SELECTOR = YES;
				GCC_WARN_UNINITIALIZED_AUTOS = YES_AGGRESSIVE;
				GCC_WARN_UNUSED_FUNCTION = YES;
				GCC_WARN_UNUSED_VARIABLE = YES;
				IPHONEOS_DEPLOYMENT_TARGET = 13.4;
				MTL_ENABLE_DEBUG_INFO = NO;
				MTL_FAST_MATH = YES;
				SDKROOT = iphoneos;
				SWIFT_COMPILATION_MODE = wholemodule;
				SWIFT_OPTIMIZATION_LEVEL = "-O";
				VALIDATE_PRODUCT = YES;
			};
			name = Release;
		};
		796A9D8D2481446C00233FCF /* Debug */ = {
			isa = XCBuildConfiguration;
			buildSettings = {
				ASSETCATALOG_COMPILER_APPICON_NAME = AppIcon;
				CODE_SIGN_STYLE = Automatic;
				ENABLE_PREVIEWS = YES;
				INFOPLIST_FILE = AppOGee/Info.plist;
				LD_RUNPATH_SEARCH_PATHS = (
					"$(inherited)",
					"@executable_path/Frameworks",
				);
				PRODUCT_BUNDLE_IDENTIFIER = com.appogee.AppOGee;
				PRODUCT_NAME = "$(TARGET_NAME)";
				SWIFT_VERSION = 5.0;
				TARGETED_DEVICE_FAMILY = "1,2";
			};
			name = Debug;
		};
		796A9D8E2481446C00233FCF /* Release */ = {
			isa = XCBuildConfiguration;
			buildSettings = {
				ASSETCATALOG_COMPILER_APPICON_NAME = AppIcon;
				CODE_SIGN_STYLE = Automatic;
				ENABLE_PREVIEWS = YES;
				INFOPLIST_FILE = AppOGee/Info.plist;
				LD_RUNPATH_SEARCH_PATHS = (
					"$(inherited)",
					"@executable_path/Frameworks",
				);
				PRODUCT_BUNDLE_IDENTIFIER = com.appogee.AppOGee;
				PRODUCT_NAME = "$(TARGET_NAME)";
				SWIFT_VERSION = 5.0;
				TARGETED_DEVICE_FAMILY = "1,2";
			};
			name = Release;
		};
		796A9D902481446C00233FCF /* Debug */ = {
			isa = XCBuildConfiguration;
			buildSettings = {
				ALWAYS_EMBED_SWIFT_STANDARD_LIBRARIES = YES;
				BUNDLE_LOADER = "$(TEST_HOST)";
				CODE_SIGN_STYLE = Automatic;
				INFOPLIST_FILE = AppOGeeTests/Info.plist;
				IPHONEOS_DEPLOYMENT_TARGET = 13.4;
				LD_RUNPATH_SEARCH_PATHS = (
					"$(inherited)",
					"@executable_path/Frameworks",
					"@loader_path/Frameworks",
				);
				PRODUCT_BUNDLE_IDENTIFIER = com.appogee.AppOGeeTests;
				PRODUCT_NAME = "$(TARGET_NAME)";
				SWIFT_VERSION = 5.0;
				TARGETED_DEVICE_FAMILY = "1,2";
				TEST_HOST = "$(BUILT_PRODUCTS_DIR)/AppOGee.app/AppOGee";
			};
			name = Debug;
		};
		796A9D912481446C00233FCF /* Release */ = {
			isa = XCBuildConfiguration;
			buildSettings = {
				ALWAYS_EMBED_SWIFT_STANDARD_LIBRARIES = YES;
				BUNDLE_LOADER = "$(TEST_HOST)";
				CODE_SIGN_STYLE = Automatic;
				INFOPLIST_FILE = AppOGeeTests/Info.plist;
				IPHONEOS_DEPLOYMENT_TARGET = 13.4;
				LD_RUNPATH_SEARCH_PATHS = (
					"$(inherited)",
					"@executable_path/Frameworks",
					"@loader_path/Frameworks",
				);
				PRODUCT_BUNDLE_IDENTIFIER = com.appogee.AppOGeeTests;
				PRODUCT_NAME = "$(TARGET_NAME)";
				SWIFT_VERSION = 5.0;
				TARGETED_DEVICE_FAMILY = "1,2";
				TEST_HOST = "$(BUILT_PRODUCTS_DIR)/AppOGee.app/AppOGee";
			};
			name = Release;
		};
		796A9D932481446C00233FCF /* Debug */ = {
			isa = XCBuildConfiguration;
			buildSettings = {
				ALWAYS_EMBED_SWIFT_STANDARD_LIBRARIES = YES;
				CODE_SIGN_STYLE = Automatic;
				INFOPLIST_FILE = AppOGeeUITests/Info.plist;
				LD_RUNPATH_SEARCH_PATHS = (
					"$(inherited)",
					"@executable_path/Frameworks",
					"@loader_path/Frameworks",
				);
				PRODUCT_BUNDLE_IDENTIFIER = com.appogee.AppOGeeUITests;
				PRODUCT_NAME = "$(TARGET_NAME)";
				SWIFT_VERSION = 5.0;
				TARGETED_DEVICE_FAMILY = "1,2";
				TEST_TARGET_NAME = AppOGee;
			};
			name = Debug;
		};
		796A9D942481446C00233FCF /* Release */ = {
			isa = XCBuildConfiguration;
			buildSettings = {
				ALWAYS_EMBED_SWIFT_STANDARD_LIBRARIES = YES;
				CODE_SIGN_STYLE = Automatic;
				INFOPLIST_FILE = AppOGeeUITests/Info.plist;
				LD_RUNPATH_SEARCH_PATHS = (
					"$(inherited)",
					"@executable_path/Frameworks",
					"@loader_path/Frameworks",
				);
				PRODUCT_BUNDLE_IDENTIFIER = com.appogee.AppOGeeUITests;
				PRODUCT_NAME = "$(TARGET_NAME)";
				SWIFT_VERSION = 5.0;
				TARGETED_DEVICE_FAMILY = "1,2";
				TEST_TARGET_NAME = AppOGee;
			};
			name = Release;
		};
/* End XCBuildConfiguration section */

/* Begin XCConfigurationList section */
		796A9D5D2481446900233FCF /* Build configuration list for PBXProject "AppOGee" */ = {
			isa = XCConfigurationList;
			buildConfigurations = (
				796A9D8A2481446C00233FCF /* Debug */,
				796A9D8B2481446C00233FCF /* Release */,
			);
			defaultConfigurationIsVisible = 0;
			defaultConfigurationName = Release;
		};
		796A9D8C2481446C00233FCF /* Build configuration list for PBXNativeTarget "AppOGee" */ = {
			isa = XCConfigurationList;
			buildConfigurations = (
				796A9D8D2481446C00233FCF /* Debug */,
				796A9D8E2481446C00233FCF /* Release */,
			);
			defaultConfigurationIsVisible = 0;
			defaultConfigurationName = Release;
		};
		796A9D8F2481446C00233FCF /* Build configuration list for PBXNativeTarget "AppOGeeTests" */ = {
			isa = XCConfigurationList;
			buildConfigurations = (
				796A9D902481446C00233FCF /* Debug */,
				796A9D912481446C00233FCF /* Release */,
			);
			defaultConfigurationIsVisible = 0;
			defaultConfigurationName = Release;
		};
		796A9D922481446C00233FCF /* Build configuration list for PBXNativeTarget "AppOGeeUITests" */ = {
			isa = XCConfigurationList;
			buildConfigurations = (
				796A9D932481446C00233FCF /* Debug */,
				796A9D942481446C00233FCF /* Release */,
			);
			defaultConfigurationIsVisible = 0;
			defaultConfigurationName = Release;
		};
/* End XCConfigurationList section */
	};
	rootObject = 796A9D5A2481446900233FCF /* Project object */;
}
